
Microsoft Visual Studio Solution File, Format Version 12.00
# Visual Studio 2013
VisualStudioVersion = 12.0.31101.0
MinimumVisualStudioVersion = 10.0.40219.1
Project("{2150E333-8FDC-42A3-9474-1A3956D46DE8}") = "DataAccessLayer", "DataAccessLayer", "{8670AE60-9C54-49BB-81EF-05FA807F1795}"
EndProject
Project("{2150E333-8FDC-42A3-9474-1A3956D46DE8}") = "Common", "Common", "{3606A268-AACD-4799-B61C-64BF9F2463D8}"
EndProject
Project("{2150E333-8FDC-42A3-9474-1A3956D46DE8}") = "Web", "Web", "{DFBE772A-862F-4529-B78B-1ED43E1B65A6}"
EndProject
Project("{FAE04EC0-301F-11D3-BF4B-00C04F79EFBC}") = "MVCAppTemplate.DatabaseModels", "MVCAppTemplate.DatabaseModels\MVCAppTemplate.DatabaseModels.csproj", "{5B1DC979-5D43-478B-9814-183E2B1F85D9}"
EndProject
Project("{FAE04EC0-301F-11D3-BF4B-00C04F79EFBC}") = "MVCAppTemplate.Contracts", "MVCAppTemplate.Contracts\MVCAppTemplate.Contracts.csproj", "{16C75AF4-8569-443C-B6E5-3600C91696A4}"
EndProject
Project("{FAE04EC0-301F-11D3-BF4B-00C04F79EFBC}") = "MVCAppTemplate.Database", "MVCAppTemplate.Database\MVCAppTemplate.Database.csproj", "{922AC309-2D41-4CD0-87C6-ED9979C14079}"
EndProject
Project("{FAE04EC0-301F-11D3-BF4B-00C04F79EFBC}") = "MVCAppTemplate.Services", "MVCAppTemplate.Services\MVCAppTemplate.Services.csproj", "{DD6ADA1F-3F30-495D-8AFA-A19E30F4899E}"
EndProject
Project("{FAE04EC0-301F-11D3-BF4B-00C04F79EFBC}") = "MVCAppTemplate.Common", "MVCAppTemplate.Common\MVCAppTemplate.Common.csproj", "{5C45421D-E6C4-4F62-B0E9-6C484D38DD1E}"
EndProject
Project("{FAE04EC0-301F-11D3-BF4B-00C04F79EFBC}") = "MVCAppTemplate.Web.Models", "MVCAppTemplate.Web.Models\MVCAppTemplate.Web.Models.csproj", "{FEEA1E0F-3008-46A2-91C9-514D7484E0B4}"
EndProject
Project("{FAE04EC0-301F-11D3-BF4B-00C04F79EFBC}") = "MVCAppTemplate.Web", "MVCAppTemplate.Web\MVCAppTemplate.Web.csproj", "{C4B8322A-58CC-4C2C-989C-30A2BBF41E06}"
EndProject
Project("{FAE04EC0-301F-11D3-BF4B-00C04F79EFBC}") = "MVCAppTemplate.Web.Populators", "MVCAppTemplate.Web.Populators\MVCAppTemplate.Web.Populators.csproj", "{CB4AAB23-D799-4BA7-9120-6730C664CF61}"
EndProject
Project("{FAE04EC0-301F-11D3-BF4B-00C04F79EFBC}") = "MVCAppTemplate.Web.Infrastructure", "MVCAppTemplate.Web.Infrastructure\MVCAppTemplate.Web.Infrastructure.csproj", "{7394487A-3BEB-4F5B-B108-FED4EF5DC496}"
EndProject
Global
	GlobalSection(SolutionConfigurationPlatforms) = preSolution
		Debug|Any CPU = Debug|Any CPU
		Release|Any CPU = Release|Any CPU
	EndGlobalSection
	GlobalSection(ProjectConfigurationPlatforms) = postSolution
		{5B1DC979-5D43-478B-9814-183E2B1F85D9}.Debug|Any CPU.ActiveCfg = Debug|Any CPU
		{5B1DC979-5D43-478B-9814-183E2B1F85D9}.Debug|Any CPU.Build.0 = Debug|Any CPU
		{5B1DC979-5D43-478B-9814-183E2B1F85D9}.Release|Any CPU.ActiveCfg = Release|Any CPU
		{5B1DC979-5D43-478B-9814-183E2B1F85D9}.Release|Any CPU.Build.0 = Release|Any CPU
		{16C75AF4-8569-443C-B6E5-3600C91696A4}.Debug|Any CPU.ActiveCfg = Debug|Any CPU
		{16C75AF4-8569-443C-B6E5-3600C91696A4}.Debug|Any CPU.Build.0 = Debug|Any CPU
		{16C75AF4-8569-443C-B6E5-3600C91696A4}.Release|Any CPU.ActiveCfg = Release|Any CPU
		{16C75AF4-8569-443C-B6E5-3600C91696A4}.Release|Any CPU.Build.0 = Release|Any CPU
		{922AC309-2D41-4CD0-87C6-ED9979C14079}.Debug|Any CPU.ActiveCfg = Debug|Any CPU
		{922AC309-2D41-4CD0-87C6-ED9979C14079}.Debug|Any CPU.Build.0 = Debug|Any CPU
		{922AC309-2D41-4CD0-87C6-ED9979C14079}.Release|Any CPU.ActiveCfg = Release|Any CPU
		{922AC309-2D41-4CD0-87C6-ED9979C14079}.Release|Any CPU.Build.0 = Release|Any CPU
		{DD6ADA1F-3F30-495D-8AFA-A19E30F4899E}.Debug|Any CPU.ActiveCfg = Debug|Any CPU
		{DD6ADA1F-3F30-495D-8AFA-A19E30F4899E}.Debug|Any CPU.Build.0 = Debug|Any CPU
		{DD6ADA1F-3F30-495D-8AFA-A19E30F4899E}.Release|Any CPU.ActiveCfg = Release|Any CPU
		{DD6ADA1F-3F30-495D-8AFA-A19E30F4899E}.Release|Any CPU.Build.0 = Release|Any CPU
		{5C45421D-E6C4-4F62-B0E9-6C484D38DD1E}.Debug|Any CPU.ActiveCfg = Debug|Any CPU
		{5C45421D-E6C4-4F62-B0E9-6C484D38DD1E}.Debug|Any CPU.Build.0 = Debug|Any CPU
		{5C45421D-E6C4-4F62-B0E9-6C484D38DD1E}.Release|Any CPU.ActiveCfg = Release|Any CPU
		{5C45421D-E6C4-4F62-B0E9-6C484D38DD1E}.Release|Any CPU.Build.0 = Release|Any CPU
		{FEEA1E0F-3008-46A2-91C9-514D7484E0B4}.Debug|Any CPU.ActiveCfg = Debug|Any CPU
		{FEEA1E0F-3008-46A2-91C9-514D7484E0B4}.Debug|Any CPU.Build.0 = Debug|Any CPU
		{FEEA1E0F-3008-46A2-91C9-514D7484E0B4}.Release|Any CPU.ActiveCfg = Release|Any CPU
		{FEEA1E0F-3008-46A2-91C9-514D7484E0B4}.Release|Any CPU.Build.0 = Release|Any CPU
		{C4B8322A-58CC-4C2C-989C-30A2BBF41E06}.Debug|Any CPU.ActiveCfg = Debug|Any CPU
		{C4B8322A-58CC-4C2C-989C-30A2BBF41E06}.Debug|Any CPU.Build.0 = Debug|Any CPU
		{C4B8322A-58CC-4C2C-989C-30A2BBF41E06}.Release|Any CPU.ActiveCfg = Release|Any CPU
		{C4B8322A-58CC-4C2C-989C-30A2BBF41E06}.Release|Any CPU.Build.0 = Release|Any CPU
		{CB4AAB23-D799-4BA7-9120-6730C664CF61}.Debug|Any CPU.ActiveCfg = Debug|Any CPU
		{CB4AAB23-D799-4BA7-9120-6730C664CF61}.Debug|Any CPU.Build.0 = Debug|Any CPU
		{CB4AAB23-D799-4BA7-9120-6730C664CF61}.Release|Any CPU.ActiveCfg = Release|Any CPU
		{CB4AAB23-D799-4BA7-9120-6730C664CF61}.Release|Any CPU.Build.0 = Release|Any CPU
		{7394487A-3BEB-4F5B-B108-FED4EF5DC496}.Debug|Any CPU.ActiveCfg = Debug|Any CPU
		{7394487A-3BEB-4F5B-B108-FED4EF5DC496}.Debug|Any CPU.Build.0 = Debug|Any CPU
		{7394487A-3BEB-4F5B-B108-FED4EF5DC496}.Release|Any CPU.ActiveCfg = Release|Any CPU
		{7394487A-3BEB-4F5B-B108-FED4EF5DC496}.Release|Any CPU.Build.0 = Release|Any CPU
	EndGlobalSection
	GlobalSection(SolutionProperties) = preSolution
		HideSolutionNode = FALSE
	EndGlobalSection
	GlobalSection(NestedProjects) = preSolution
		{5B1DC979-5D43-478B-9814-183E2B1F85D9} = {8670AE60-9C54-49BB-81EF-05FA807F1795}
		{16C75AF4-8569-443C-B6E5-3600C91696A4} = {8670AE60-9C54-49BB-81EF-05FA807F1795}
		{922AC309-2D41-4CD0-87C6-ED9979C14079} = {8670AE60-9C54-49BB-81EF-05FA807F1795}
		{DD6ADA1F-3F30-495D-8AFA-A19E30F4899E} = {8670AE60-9C54-49BB-81EF-05FA807F1795}
		{5C45421D-E6C4-4F62-B0E9-6C484D38DD1E} = {3606A268-AACD-4799-B61C-64BF9F2463D8}
		{FEEA1E0F-3008-46A2-91C9-514D7484E0B4} = {DFBE772A-862F-4529-B78B-1ED43E1B65A6}
		{C4B8322A-58CC-4C2C-989C-30A2BBF41E06} = {DFBE772A-862F-4529-B78B-1ED43E1B65A6}
		{CB4AAB23-D799-4BA7-9120-6730C664CF61} = {DFBE772A-862F-4529-B78B-1ED43E1B65A6}
		{7394487A-3BEB-4F5B-B108-FED4EF5DC496} = {DFBE772A-862F-4529-B78B-1ED43E1B65A6}
	EndGlobalSection
EndGlobal
